// !$*UTF8*$!
{
	archiveVersion = 1;
	classes = {
	};
	objectVersion = 46;
	objects = {

/* Begin PBXBuildFile section */
		EF80DF4A19EEA294002F4F81 /* main.m in Sources */ = {isa = PBXBuildFile; fileRef = EF80DF4919EEA294002F4F81 /* main.m */; };
		EF80DF4D19EEA294002F4F81 /* AppDelegate.m in Sources */ = {isa = PBXBuildFile; fileRef = EF80DF4C19EEA294002F4F81 /* AppDelegate.m */; };
		EF80DF5519EEA294002F4F81 /* Images.xcassets in Resources */ = {isa = PBXBuildFile; fileRef = EF80DF5419EEA294002F4F81 /* Images.xcassets */; };
		EF80DF6419EEA294002F4F81 /* BlocBrowserTests.m in Sources */ = {isa = PBXBuildFile; fileRef = EF80DF6319EEA294002F4F81 /* BlocBrowserTests.m */; };
		EF80DF6F19EFC44A002F4F81 /* BLCWebBrowserViewController.m in Sources */ = {isa = PBXBuildFile; fileRef = EF80DF6E19EFC44A002F4F81 /* BLCWebBrowserViewController.m */; };
/* End PBXBuildFile section */

/* Begin PBXContainerItemProxy section */
		EF80DF5E19EEA294002F4F81 /* PBXContainerItemProxy */ = {
			isa = PBXContainerItemProxy;
			containerPortal = EF80DF3C19EEA294002F4F81 /* Project object */;
			proxyType = 1;
			remoteGlobalIDString = EF80DF4319EEA294002F4F81;
			remoteInfo = BlocBrowser;
		};
/* End PBXContainerItemProxy section */

/* Begin PBXFileReference section */
		EF80DF4419EEA294002F4F81 /* BlocBrowser.app */ = {isa = PBXFileReference; explicitFileType = wrapper.application; includeInIndex = 0; path = BlocBrowser.app; sourceTree = BUILT_PRODUCTS_DIR; };
		EF80DF4819EEA294002F4F81 /* Info.plist */ = {isa = PBXFileReference; lastKnownFileType = text.plist.xml; path = Info.plist; sourceTree = "<group>"; };
		EF80DF4919EEA294002F4F81 /* main.m */ = {isa = PBXFileReference; lastKnownFileType = sourcecode.c.objc; path = main.m; sourceTree = "<group>"; };
		EF80DF4B19EEA294002F4F81 /* AppDelegate.h */ = {isa = PBXFileReference; lastKnownFileType = sourcecode.c.h; path = AppDelegate.h; sourceTree = "<group>"; };
		EF80DF4C19EEA294002F4F81 /* AppDelegate.m */ = {isa = PBXFileReference; lastKnownFileType = sourcecode.c.objc; path = AppDelegate.m; sourceTree = "<group>"; };
		EF80DF5419EEA294002F4F81 /* Images.xcassets */ = {isa = PBXFileReference; lastKnownFileType = folder.assetcatalog; path = Images.xcassets; sourceTree = "<group>"; };
		EF80DF5D19EEA294002F4F81 /* BlocBrowserTests.xctest */ = {isa = PBXFileReference; explicitFileType = wrapper.cfbundle; includeInIndex = 0; path = BlocBrowserTests.xctest; sourceTree = BUILT_PRODUCTS_DIR; };
		EF80DF6219EEA294002F4F81 /* Info.plist */ = {isa = PBXFileReference; lastKnownFileType = text.plist.xml; path = Info.plist; sourceTree = "<group>"; };
		EF80DF6319EEA294002F4F81 /* BlocBrowserTests.m */ = {isa = PBXFileReference; lastKnownFileType = sourcecode.c.objc; path = BlocBrowserTests.m; sourceTree = "<group>"; };
		EF80DF6D19EFC44A002F4F81 /* BLCWebBrowserViewController.h */ = {isa = PBXFileReference; fileEncoding = 4; lastKnownFileType = sourcecode.c.h; path = BLCWebBrowserViewController.h; sourceTree = "<group>"; };
		EF80DF6E19EFC44A002F4F81 /* BLCWebBrowserViewController.m */ = {isa = PBXFileReference; fileEncoding = 4; lastKnownFileType = sourcecode.c.objc; path = BLCWebBrowserViewController.m; sourceTree = "<group>"; };
/* End PBXFileReference section */

/* Begin PBXFrameworksBuildPhase section */
		EF80DF4119EEA294002F4F81 /* Frameworks */ = {
			isa = PBXFrameworksBuildPhase;
			buildActionMask = 2147483647;
			files = (
			);
			runOnlyForDeploymentPostprocessing = 0;
		};
		EF80DF5A19EEA294002F4F81 /* Frameworks */ = {
			isa = PBXFrameworksBuildPhase;
			buildActionMask = 2147483647;
			files = (
			);
			runOnlyForDeploymentPostprocessing = 0;
		};
/* End PBXFrameworksBuildPhase section */

/* Begin PBXGroup section */
		EF80DF3B19EEA294002F4F81 = {
			isa = PBXGroup;
			children = (
				EF80DF4619EEA294002F4F81 /* BlocBrowser */,
				EF80DF6019EEA294002F4F81 /* BlocBrowserTests */,
				EF80DF4519EEA294002F4F81 /* Products */,
			);
			sourceTree = "<group>";
		};
		EF80DF4519EEA294002F4F81 /* Products */ = {
			isa = PBXGroup;
			children = (
				EF80DF4419EEA294002F4F81 /* BlocBrowser.app */,
				EF80DF5D19EEA294002F4F81 /* BlocBrowserTests.xctest */,
			);
			name = Products;
			sourceTree = "<group>";
		};
		EF80DF4619EEA294002F4F81 /* BlocBrowser */ = {
			isa = PBXGroup;
			children = (
				EF80DF4B19EEA294002F4F81 /* AppDelegate.h */,
				EF80DF6D19EFC44A002F4F81 /* BLCWebBrowserViewController.h */,
				EF80DF6E19EFC44A002F4F81 /* BLCWebBrowserViewController.m */,
				EF80DF4C19EEA294002F4F81 /* AppDelegate.m */,
				EF80DF5419EEA294002F4F81 /* Images.xcassets */,
				EF80DF4719EEA294002F4F81 /* Supporting Files */,
			);
			path = BlocBrowser;
			sourceTree = "<group>";
		};
		EF80DF4719EEA294002F4F81 /* Supporting Files */ = {
			isa = PBXGroup;
			children = (
				EF80DF4819EEA294002F4F81 /* Info.plist */,
				EF80DF4919EEA294002F4F81 /* main.m */,
			);
			name = "Supporting Files";
			sourceTree = "<group>";
		};
		EF80DF6019EEA294002F4F81 /* BlocBrowserTests */ = {
			isa = PBXGroup;
			children = (
				EF80DF6319EEA294002F4F81 /* BlocBrowserTests.m */,
				EF80DF6119EEA294002F4F81 /* Supporting Files */,
			);
			path = BlocBrowserTests;
			sourceTree = "<group>";
		};
		EF80DF6119EEA294002F4F81 /* Supporting Files */ = {
			isa = PBXGroup;
			children = (
				EF80DF6219EEA294002F4F81 /* Info.plist */,
			);
			name = "Supporting Files";
			sourceTree = "<group>";
		};
/* End PBXGroup section */

/* Begin PBXNativeTarget section */
		EF80DF4319EEA294002F4F81 /* BlocBrowser */ = {
			isa = PBXNativeTarget;
			buildConfigurationList = EF80DF6719EEA294002F4F81 /* Build configuration list for PBXNativeTarget "BlocBrowser" */;
			buildPhases = (
				EF80DF4019EEA294002F4F81 /* Sources */,
				EF80DF4119EEA294002F4F81 /* Frameworks */,
				EF80DF4219EEA294002F4F81 /* Resources */,
			);
			buildRules = (
			);
			dependencies = (
			);
			name = BlocBrowser;
			productName = BlocBrowser;
			productReference = EF80DF4419EEA294002F4F81 /* BlocBrowser.app */;
			productType = "com.apple.product-type.application";
		};
		EF80DF5C19EEA294002F4F81 /* BlocBrowserTests */ = {
			isa = PBXNativeTarget;
			buildConfigurationList = EF80DF6A19EEA294002F4F81 /* Build configuration list for PBXNativeTarget "BlocBrowserTests" */;
			buildPhases = (
				EF80DF5919EEA294002F4F81 /* Sources */,
				EF80DF5A19EEA294002F4F81 /* Frameworks */,
				EF80DF5B19EEA294002F4F81 /* Resources */,
			);
			buildRules = (
			);
			dependencies = (
				EF80DF5F19EEA294002F4F81 /* PBXTargetDependency */,
			);
			name = BlocBrowserTests;
			productName = BlocBrowserTests;
			productReference = EF80DF5D19EEA294002F4F81 /* BlocBrowserTests.xctest */;
			productType = "com.apple.product-type.bundle.unit-test";
		};
/* End PBXNativeTarget section */

/* Begin PBXProject section */
		EF80DF3C19EEA294002F4F81 /* Project object */ = {
			isa = PBXProject;
			attributes = {
				LastUpgradeCheck = 0600;
				ORGANIZATIONNAME = "Peter Gow";
				TargetAttributes = {
					EF80DF4319EEA294002F4F81 = {
						CreatedOnToolsVersion = 6.0.1;
					};
					EF80DF5C19EEA294002F4F81 = {
						CreatedOnToolsVersion = 6.0.1;
						TestTargetID = EF80DF4319EEA294002F4F81;
					};
				};
			};
			buildConfigurationList = EF80DF3F19EEA294002F4F81 /* Build configuration list for PBXProject "BlocBrowser" */;
			compatibilityVersion = "Xcode 3.2";
			developmentRegion = English;
			hasScannedForEncodings = 0;
			knownRegions = (
				en,
				Base,
			);
			mainGroup = EF80DF3B19EEA294002F4F81;
			productRefGroup = EF80DF4519EEA294002F4F81 /* Products */;
			projectDirPath = "";
			projectRoot = "";
			targets = (
				EF80DF4319EEA294002F4F81 /* BlocBrowser */,
				EF80DF5C19EEA294002F4F81 /* BlocBrowserTests */,
			);
		};
/* End PBXProject section */

/* Begin PBXResourcesBuildPhase section */
		EF80DF4219EEA294002F4F81 /* Resources */ = {
			isa = PBXResourcesBuildPhase;
			buildActionMask = 2147483647;
			files = (
				EF80DF5519EEA294002F4F81 /* Images.xcassets in Resources */,
			);
			runOnlyForDeploymentPostprocessing = 0;
		};
		EF80DF5B19EEA294002F4F81 /* Resources */ = {
			isa = PBXResourcesBuildPhase;
			buildActionMask = 2147483647;
			files = (
			);
			runOnlyForDeploymentPostprocessing = 0;
		};
/* End PBXResourcesBuildPhase section */

/* Begin PBXSourcesBuildPhase section */
		EF80DF4019EEA294002F4F81 /* Sources */ = {
			isa = PBXSourcesBuildPhase;
			buildActionMask = 2147483647;
			files = (
				EF80DF4D19EEA294002F4F81 /* AppDelegate.m in Sources */,
				EF80DF4A19EEA294002F4F81 /* main.m in Sources */,
				EF80DF6F19EFC44A002F4F81 /* BLCWebBrowserViewController.m in Sources */,
			);
			runOnlyForDeploymentPostprocessing = 0;
		};
		EF80DF5919EEA294002F4F81 /* Sources */ = {
			isa = PBXSourcesBuildPhase;
			buildActionMask = 2147483647;
			files = (
				EF80DF6419EEA294002F4F81 /* BlocBrowserTests.m in Sources */,
			);
			runOnlyForDeploymentPostprocessing = 0;
		};
/* End PBXSourcesBuildPhase section */

/* Begin PBXTargetDependency section */
		EF80DF5F19EEA294002F4F81 /* PBXTargetDependency */ = {
			isa = PBXTargetDependency;
			target = EF80DF4319EEA294002F4F81 /* BlocBrowser */;
			targetProxy = EF80DF5E19EEA294002F4F81 /* PBXContainerItemProxy */;
		};
/* End PBXTargetDependency section */

/* Begin XCBuildConfiguration section */
		EF80DF6519EEA294002F4F81 /* Debug */ = {
			isa = XCBuildConfiguration;
			buildSettings = {
				ALWAYS_SEARCH_USER_PATHS = NO;
				CLANG_CXX_LANGUAGE_STANDARD = "gnu++0x";
				CLANG_CXX_LIBRARY = "libc++";
				CLANG_ENABLE_MODULES = YES;
				CLANG_ENABLE_OBJC_ARC = YES;
				CLANG_WARN_BOOL_CONVERSION = YES;
				CLANG_WARN_CONSTANT_CONVERSION = YES;
				CLANG_WARN_DIRECT_OBJC_ISA_USAGE = YES_ERROR;
				CLANG_WARN_EMPTY_BODY = YES;
				CLANG_WARN_ENUM_CONVERSION = YES;
				CLANG_WARN_INT_CONVERSION = YES;
				CLANG_WARN_OBJC_ROOT_CLASS = YES_ERROR;
				CLANG_WARN_UNREACHABLE_CODE = YES;
				CLANG_WARN__DUPLICATE_METHOD_MATCH = YES;
				"CODE_SIGN_IDENTITY[sdk=iphoneos*]" = "iPhone Developer";
				COPY_PHASE_STRIP = NO;
				ENABLE_STRICT_OBJC_MSGSEND = YES;
				GCC_C_LANGUAGE_STANDARD = gnu99;
				GCC_DYNAMIC_NO_PIC = NO;
				GCC_OPTIMIZATION_LEVEL = 0;
				GCC_PREPROCESSOR_DEFINITIONS = (
					"DEBUG=1",
					"$(inherited)",
				);
				GCC_SYMBOLS_PRIVATE_EXTERN = NO;
				GCC_WARN_64_TO_32_BIT_CONVERSION = YES;
				GCC_WARN_ABOUT_RETURN_TYPE = YES_ERROR;
				GCC_WARN_UNDECLARED_SELECTOR = YES;
				GCC_WARN_UNINITIALIZED_AUTOS = YES_AGGRESSIVE;
				GCC_WARN_UNUSED_FUNCTION = YES;
				GCC_WARN_UNUSED_VARIABLE = YES;
				IPHONEOS_DEPLOYMENT_TARGET = 8.0;
				MTL_ENABLE_DEBUG_INFO = YES;
				ONLY_ACTIVE_ARCH = YES;
				SDKROOT = iphoneos;
				TARGETED_DEVICE_FAMILY = "1,2";
			};
			name = Debug;
		};
		EF80DF6619EEA294002F4F81 /* Release */ = {
			isa = XCBuildConfiguration;
			buildSettings = {
				ALWAYS_SEARCH_USER_PATHS = NO;
				CLANG_CXX_LANGUAGE_STANDARD = "gnu++0x";
				CLANG_CXX_LIBRARY = "libc++";
				CLANG_ENABLE_MODULES = YES;
				CLANG_ENABLE_OBJC_ARC = YES;
				CLANG_WARN_BOOL_CONVERSION = YES;
				CLANG_WARN_CONSTANT_CONVERSION = YES;
				CLANG_WARN_DIRECT_OBJC_ISA_USAGE = YES_ERROR;
				CLANG_WARN_EMPTY_BODY = YES;
				CLANG_WARN_ENUM_CONVERSION = YES;
				CLANG_WARN_INT_CONVERSION = YES;
				CLANG_WARN_OBJC_ROOT_CLASS = YES_ERROR;
				CLANG_WARN_UNREACHABLE_CODE = YES;
				CLANG_WARN__DUPLICATE_METHOD_MATCH = YES;
				"CODE_SIGN_IDENTITY[sdk=iphoneos*]" = "iPhone Developer";
				COPY_PHASE_STRIP = YES;
				ENABLE_NS_ASSERTIONS = NO;
				ENABLE_STRICT_OBJC_MSGSEND = YES;
				GCC_C_LANGUAGE_STANDARD = gnu99;
				GCC_WARN_64_TO_32_BIT_CONVERSION = YES;
				GCC_WARN_ABOUT_RETURN_TYPE = YES_ERROR;
				GCC_WARN_UNDECLARED_SELECTOR = YES;
				GCC_WARN_UNINITIALIZED_AUTOS = YES_AGGRESSIVE;
				GCC_WARN_UNUSED_FUNCTION = YES;
				GCC_WARN_UNUSED_VARIABLE = YES;
				IPHONEOS_DEPLOYMENT_TARGET = 8.0;
				MTL_ENABLE_DEBUG_INFO = NO;
				SDKROOT = iphoneos;
				TARGETED_DEVICE_FAMILY = "1,2";
				VALIDATE_PRODUCT = YES;
			};
			name = Release;
		};
		EF80DF6819EEA294002F4F81 /* Debug */ = {
			isa = XCBuildConfiguration;
			buildSettings = {
				ASSETCATALOG_COMPILER_APPICON_NAME = AppIcon;
				INFOPLIST_FILE = BlocBrowser/Info.plist;
				LD_RUNPATH_SEARCH_PATHS = "$(inherited) @executable_path/Frameworks";
				PRODUCT_NAME = "$(TARGET_NAME)";
			};
			name = Debug;
		};
		EF80DF6919EEA294002F4F81 /* Release */ = {
			isa = XCBuildConfiguration;
			buildSettings = {
				ASSETCATALOG_COMPILER_APPICON_NAME = AppIcon;
				INFOPLIST_FILE = BlocBrowser/Info.plist;
				LD_RUNPATH_SEARCH_PATHS = "$(inherited) @executable_path/Frameworks";
				PRODUCT_NAME = "$(TARGET_NAME)";
			};
			name = Release;
		};
		EF80DF6B19EEA294002F4F81 /* Debug */ = {
			isa = XCBuildConfiguration;
			buildSettings = {
				BUNDLE_LOADER = "$(TEST_HOST)";
				FRAMEWORK_SEARCH_PATHS = (
					"$(SDKROOT)/Developer/Library/Frameworks",
					"$(inherited)",
				);
				GCC_PREPROCESSOR_DEFINITIONS = (
					"DEBUG=1",
					"$(inherited)",
				);
				INFOPLIST_FILE = BlocBrowserTests/Info.plist;
				LD_RUNPATH_SEARCH_PATHS = "$(inherited) @executable_path/Frameworks @loader_path/Frameworks";
				PRODUCT_NAME = "$(TARGET_NAME)";
				TEST_HOST = "$(BUILT_PRODUCTS_DIR)/BlocBrowser.app/BlocBrowser";
			};
			name = Debug;
		};
		EF80DF6C19EEA294002F4F81 /* Release */ = {
			isa = XCBuildConfiguration;
			buildSettings = {
				BUNDLE_LOADER = "$(TEST_HOST)";
				FRAMEWORK_SEARCH_PATHS = (
					"$(SDKROOT)/Developer/Library/Frameworks",
					"$(inherited)",
				);
				INFOPLIST_FILE = BlocBrowserTests/Info.plist;
				LD_RUNPATH_SEARCH_PATHS = "$(inherited) @executable_path/Frameworks @loader_path/Frameworks";
				PRODUCT_NAME = "$(TARGET_NAME)";
				TEST_HOST = "$(BUILT_PRODUCTS_DIR)/BlocBrowser.app/BlocBrowser";
			};
			name = Release;
		};
/* End XCBuildConfiguration section */

/* Begin XCConfigurationList section */
		EF80DF3F19EEA294002F4F81 /* Build configuration list for PBXProject "BlocBrowser" */ = {
			isa = XCConfigurationList;
			buildConfigurations = (
				EF80DF6519EEA294002F4F81 /* Debug */,
				EF80DF6619EEA294002F4F81 /* Release */,
			);
			defaultConfigurationIsVisible = 0;
			defaultConfigurationName = Release;
		};
		EF80DF6719EEA294002F4F81 /* Build configuration list for PBXNativeTarget "BlocBrowser" */ = {
			isa = XCConfigurationList;
			buildConfigurations = (
				EF80DF6819EEA294002F4F81 /* Debug */,
				EF80DF6919EEA294002F4F81 /* Release */,
			);
			defaultConfigurationIsVisible = 0;
		};
		EF80DF6A19EEA294002F4F81 /* Build configuration list for PBXNativeTarget "BlocBrowserTests" */ = {
			isa = XCConfigurationList;
			buildConfigurations = (
				EF80DF6B19EEA294002F4F81 /* Debug */,
				EF80DF6C19EEA294002F4F81 /* Release */,
			);
			defaultConfigurationIsVisible = 0;
		};
/* End XCConfigurationList section */
	};
	rootObject = EF80DF3C19EEA294002F4F81 /* Project object */;
}
